// !$*UTF8*$!
{
	archiveVersion = 1;
	classes = {
	};
	objectVersion = 46;
	objects = {

/* Begin PBXBuildFile section */
		04B786241B60842800B08B84 /* main.m in Sources */ = {isa = PBXBuildFile; fileRef = 04B786231B60842800B08B84 /* main.m */; };
		04B786271B60842800B08B84 /* AppDelegate.m in Sources */ = {isa = PBXBuildFile; fileRef = 04B786261B60842800B08B84 /* AppDelegate.m */; };
		04B7862A1B60842800B08B84 /* ViewController.m in Sources */ = {isa = PBXBuildFile; fileRef = 04B786291B60842800B08B84 /* ViewController.m */; };
		04B7862D1B60842800B08B84 /* Main.storyboard in Resources */ = {isa = PBXBuildFile; fileRef = 04B7862B1B60842800B08B84 /* Main.storyboard */; };
		04B7862F1B60842800B08B84 /* Images.xcassets in Resources */ = {isa = PBXBuildFile; fileRef = 04B7862E1B60842800B08B84 /* Images.xcassets */; };
		04B786321B60842800B08B84 /* LaunchScreen.xib in Resources */ = {isa = PBXBuildFile; fileRef = 04B786301B60842800B08B84 /* LaunchScreen.xib */; };
		04B7863E1B60842800B08B84 /* mapTests.m in Sources */ = {isa = PBXBuildFile; fileRef = 04B7863D1B60842800B08B84 /* mapTests.m */; };
/* End PBXBuildFile section */

/* Begin PBXContainerItemProxy section */
		04B786381B60842800B08B84 /* PBXContainerItemProxy */ = {
			isa = PBXContainerItemProxy;
			containerPortal = 04B786161B60842800B08B84 /* Project object */;
			proxyType = 1;
			remoteGlobalIDString = 04B7861D1B60842800B08B84;
			remoteInfo = map;
		};
/* End PBXContainerItemProxy section */

/* Begin PBXFileReference section */
		04B7861E1B60842800B08B84 /* map.app */ = {isa = PBXFileReference; explicitFileType = wrapper.application; includeInIndex = 0; path = map.app; sourceTree = BUILT_PRODUCTS_DIR; };
		04B786221B60842800B08B84 /* Info.plist */ = {isa = PBXFileReference; lastKnownFileType = text.plist.xml; path = Info.plist; sourceTree = "<group>"; };
		04B786231B60842800B08B84 /* main.m */ = {isa = PBXFileReference; lastKnownFileType = sourcecode.c.objc; path = main.m; sourceTree = "<group>"; };
		04B786251B60842800B08B84 /* AppDelegate.h */ = {isa = PBXFileReference; lastKnownFileType = sourcecode.c.h; path = AppDelegate.h; sourceTree = "<group>"; };
		04B786261B60842800B08B84 /* AppDelegate.m */ = {isa = PBXFileReference; lastKnownFileType = sourcecode.c.objc; path = AppDelegate.m; sourceTree = "<group>"; };
		04B786281B60842800B08B84 /* ViewController.h */ = {isa = PBXFileReference; lastKnownFileType = sourcecode.c.h; path = ViewController.h; sourceTree = "<group>"; };
		04B786291B60842800B08B84 /* ViewController.m */ = {isa = PBXFileReference; lastKnownFileType = sourcecode.c.objc; path = ViewController.m; sourceTree = "<group>"; };
		04B7862C1B60842800B08B84 /* Base */ = {isa = PBXFileReference; lastKnownFileType = file.storyboard; name = Base; path = Base.lproj/Main.storyboard; sourceTree = "<group>"; };
		04B7862E1B60842800B08B84 /* Images.xcassets */ = {isa = PBXFileReference; lastKnownFileType = folder.assetcatalog; path = Images.xcassets; sourceTree = "<group>"; };
		04B786311B60842800B08B84 /* Base */ = {isa = PBXFileReference; lastKnownFileType = file.xib; name = Base; path = Base.lproj/LaunchScreen.xib; sourceTree = "<group>"; };
		04B786371B60842800B08B84 /* mapTests.xctest */ = {isa = PBXFileReference; explicitFileType = wrapper.cfbundle; includeInIndex = 0; path = mapTests.xctest; sourceTree = BUILT_PRODUCTS_DIR; };
		04B7863C1B60842800B08B84 /* Info.plist */ = {isa = PBXFileReference; lastKnownFileType = text.plist.xml; path = Info.plist; sourceTree = "<group>"; };
		04B7863D1B60842800B08B84 /* mapTests.m */ = {isa = PBXFileReference; lastKnownFileType = sourcecode.c.objc; path = mapTests.m; sourceTree = "<group>"; };
/* End PBXFileReference section */

/* Begin PBXFrameworksBuildPhase section */
		04B7861B1B60842800B08B84 /* Frameworks */ = {
			isa = PBXFrameworksBuildPhase;
			buildActionMask = 2147483647;
			files = (
			);
			runOnlyForDeploymentPostprocessing = 0;
		};
		04B786341B60842800B08B84 /* Frameworks */ = {
			isa = PBXFrameworksBuildPhase;
			buildActionMask = 2147483647;
			files = (
			);
			runOnlyForDeploymentPostprocessing = 0;
		};
/* End PBXFrameworksBuildPhase section */

/* Begin PBXGroup section */
		04B786151B60842800B08B84 = {
			isa = PBXGroup;
			children = (
				04B786201B60842800B08B84 /* map */,
				04B7863A1B60842800B08B84 /* mapTests */,
				04B7861F1B60842800B08B84 /* Products */,
			);
			sourceTree = "<group>";
		};
		04B7861F1B60842800B08B84 /* Products */ = {
			isa = PBXGroup;
			children = (
				04B7861E1B60842800B08B84 /* map.app */,
				04B786371B60842800B08B84 /* mapTests.xctest */,
			);
			name = Products;
			sourceTree = "<group>";
		};
		04B786201B60842800B08B84 /* map */ = {
			isa = PBXGroup;
			children = (
				04B786251B60842800B08B84 /* AppDelegate.h */,
				04B786261B60842800B08B84 /* AppDelegate.m */,
				04B786281B60842800B08B84 /* ViewController.h */,
				04B786291B60842800B08B84 /* ViewController.m */,
				04B7862B1B60842800B08B84 /* Main.storyboard */,
				04B7862E1B60842800B08B84 /* Images.xcassets */,
				04B786301B60842800B08B84 /* LaunchScreen.xib */,
				04B786211B60842800B08B84 /* Supporting Files */,
			);
			path = map;
			sourceTree = "<group>";
		};
		04B786211B60842800B08B84 /* Supporting Files */ = {
			isa = PBXGroup;
			children = (
				04B786221B60842800B08B84 /* Info.plist */,
				04B786231B60842800B08B84 /* main.m */,
			);
			name = "Supporting Files";
			sourceTree = "<group>";
		};
		04B7863A1B60842800B08B84 /* mapTests */ = {
			isa = PBXGroup;
			children = (
				04B7863D1B60842800B08B84 /* mapTests.m */,
				04B7863B1B60842800B08B84 /* Supporting Files */,
			);
			path = mapTests;
			sourceTree = "<group>";
		};
		04B7863B1B60842800B08B84 /* Supporting Files */ = {
			isa = PBXGroup;
			children = (
				04B7863C1B60842800B08B84 /* Info.plist */,
			);
			name = "Supporting Files";
			sourceTree = "<group>";
		};
/* End PBXGroup section */

/* Begin PBXNativeTarget section */
		04B7861D1B60842800B08B84 /* map */ = {
			isa = PBXNativeTarget;
			buildConfigurationList = 04B786411B60842800B08B84 /* Build configuration list for PBXNativeTarget "map" */;
			buildPhases = (
				04B7861A1B60842800B08B84 /* Sources */,
				04B7861B1B60842800B08B84 /* Frameworks */,
				04B7861C1B60842800B08B84 /* Resources */,
			);
			buildRules = (
			);
			dependencies = (
			);
			name = map;
			productName = map;
			productReference = 04B7861E1B60842800B08B84 /* map.app */;
			productType = "com.apple.product-type.application";
		};
		04B786361B60842800B08B84 /* mapTests */ = {
			isa = PBXNativeTarget;
			buildConfigurationList = 04B786441B60842800B08B84 /* Build configuration list for PBXNativeTarget "mapTests" */;
			buildPhases = (
				04B786331B60842800B08B84 /* Sources */,
				04B786341B60842800B08B84 /* Frameworks */,
				04B786351B60842800B08B84 /* Resources */,
			);
			buildRules = (
			);
			dependencies = (
				04B786391B60842800B08B84 /* PBXTargetDependency */,
			);
			name = mapTests;
			productName = mapTests;
			productReference = 04B786371B60842800B08B84 /* mapTests.xctest */;
			productType = "com.apple.product-type.bundle.unit-test";
		};
/* End PBXNativeTarget section */

/* Begin PBXProject section */
		04B786161B60842800B08B84 /* Project object */ = {
			isa = PBXProject;
			attributes = {
				LastUpgradeCheck = 0640;
				ORGANIZATIONNAME = xin;
				TargetAttributes = {
					04B7861D1B60842800B08B84 = {
						CreatedOnToolsVersion = 6.4;
					};
					04B786361B60842800B08B84 = {
						CreatedOnToolsVersion = 6.4;
						TestTargetID = 04B7861D1B60842800B08B84;
					};
				};
			};
			buildConfigurationList = 04B786191B60842800B08B84 /* Build configuration list for PBXProject "map" */;
			compatibilityVersion = "Xcode 3.2";
			developmentRegion = English;
			hasScannedForEncodings = 0;
			knownRegions = (
				en,
				Base,
			);
			mainGroup = 04B786151B60842800B08B84;
			productRefGroup = 04B7861F1B60842800B08B84 /* Products */;
			projectDirPath = "";
			projectRoot = "";
			targets = (
				04B7861D1B60842800B08B84 /* map */,
				04B786361B60842800B08B84 /* mapTests */,
			);
		};
/* End PBXProject section */

/* Begin PBXResourcesBuildPhase section */
		04B7861C1B60842800B08B84 /* Resources */ = {
			isa = PBXResourcesBuildPhase;
			buildActionMask = 2147483647;
			files = (
				04B7862D1B60842800B08B84 /* Main.storyboard in Resources */,
				04B786321B60842800B08B84 /* LaunchScreen.xib in Resources */,
				04B7862F1B60842800B08B84 /* Images.xcassets in Resources */,
			);
			runOnlyForDeploymentPostprocessing = 0;
		};
		04B786351B60842800B08B84 /* Resources */ = {
			isa = PBXResourcesBuildPhase;
			buildActionMask = 2147483647;
			files = (
			);
			runOnlyForDeploymentPostprocessing = 0;
		};
/* End PBXResourcesBuildPhase section */

/* Begin PBXSourcesBuildPhase section */
		04B7861A1B60842800B08B84 /* Sources */ = {
			isa = PBXSourcesBuildPhase;
			buildActionMask = 2147483647;
			files = (
				04B7862A1B60842800B08B84 /* ViewController.m in Sources */,
				04B786271B60842800B08B84 /* AppDelegate.m in Sources */,
				04B786241B60842800B08B84 /* main.m in Sources */,
			);
			runOnlyForDeploymentPostprocessing = 0;
		};
		04B786331B60842800B08B84 /* Sources */ = {
			isa = PBXSourcesBuildPhase;
			buildActionMask = 2147483647;
			files = (
				04B7863E1B60842800B08B84 /* mapTests.m in Sources */,
			);
			runOnlyForDeploymentPostprocessing = 0;
		};
/* End PBXSourcesBuildPhase section */

/* Begin PBXTargetDependency section */
		04B786391B60842800B08B84 /* PBXTargetDependency */ = {
			isa = PBXTargetDependency;
			target = 04B7861D1B60842800B08B84 /* map */;
			targetProxy = 04B786381B60842800B08B84 /* PBXContainerItemProxy */;
		};
/* End PBXTargetDependency section */

/* Begin PBXVariantGroup section */
		04B7862B1B60842800B08B84 /* Main.storyboard */ = {
			isa = PBXVariantGroup;
			children = (
				04B7862C1B60842800B08B84 /* Base */,
			);
			name = Main.storyboard;
			sourceTree = "<group>";
		};
		04B786301B60842800B08B84 /* LaunchScreen.xib */ = {
			isa = PBXVariantGroup;
			children = (
				04B786311B60842800B08B84 /* Base */,
			);
			name = LaunchScreen.xib;
			sourceTree = "<group>";
		};
/* End PBXVariantGroup section */

/* Begin XCBuildConfiguration section */
		04B7863F1B60842800B08B84 /* Debug */ = {
			isa = XCBuildConfiguration;
			buildSettings = {
				ALWAYS_SEARCH_USER_PATHS = NO;
				CLANG_CXX_LANGUAGE_STANDARD = "gnu++0x";
				CLANG_CXX_LIBRARY = "libc++";
				CLANG_ENABLE_MODULES = YES;
				CLANG_ENABLE_OBJC_ARC = YES;
				CLANG_WARN_BOOL_CONVERSION = YES;
				CLANG_WARN_CONSTANT_CONVERSION = YES;
				CLANG_WARN_DIRECT_OBJC_ISA_USAGE = YES_ERROR;
				CLANG_WARN_EMPTY_BODY = YES;
				CLANG_WARN_ENUM_CONVERSION = YES;
				CLANG_WARN_INT_CONVERSION = YES;
				CLANG_WARN_OBJC_ROOT_CLASS = YES_ERROR;
				CLANG_WARN_UNREACHABLE_CODE = YES;
				CLANG_WARN__DUPLICATE_METHOD_MATCH = YES;
				"CODE_SIGN_IDENTITY[sdk=iphoneos*]" = "iPhone Developer";
				COPY_PHASE_STRIP = NO;
				DEBUG_INFORMATION_FORMAT = "dwarf-with-dsym";
				ENABLE_STRICT_OBJC_MSGSEND = YES;
				GCC_C_LANGUAGE_STANDARD = gnu99;
				GCC_DYNAMIC_NO_PIC = NO;
				GCC_NO_COMMON_BLOCKS = YES;
				GCC_OPTIMIZATION_LEVEL = 0;
				GCC_PREPROCESSOR_DEFINITIONS = (
					"DEBUG=1",
					"$(inherited)",
				);
				GCC_SYMBOLS_PRIVATE_EXTERN = NO;
				GCC_WARN_64_TO_32_BIT_CONVERSION = YES;
				GCC_WARN_ABOUT_RETURN_TYPE = YES_ERROR;
				GCC_WARN_UNDECLARED_SELECTOR = YES;
				GCC_WARN_UNINITIALIZED_AUTOS = YES_AGGRESSIVE;
				GCC_WARN_UNUSED_FUNCTION = YES;
				GCC_WARN_UNUSED_VARIABLE = YES;
				IPHONEOS_DEPLOYMENT_TARGET = 8.4;
				MTL_ENABLE_DEBUG_INFO = YES;
				ONLY_ACTIVE_ARCH = YES;
				SDKROOT = iphoneos;
			};
			name = Debug;
		};
		04B786401B60842800B08B84 /* Release */ = {
			isa = XCBuildConfiguration;
			buildSettings = {
				ALWAYS_SEARCH_USER_PATHS = NO;
				CLANG_CXX_LANGUAGE_STANDARD = "gnu++0x";
				CLANG_CXX_LIBRARY = "libc++";
				CLANG_ENABLE_MODULES = YES;
				CLANG_ENABLE_OBJC_ARC = YES;
				CLANG_WARN_BOOL_CONVERSION = YES;
				CLANG_WARN_CONSTANT_CONVERSION = YES;
				CLANG_WARN_DIRECT_OBJC_ISA_USAGE = YES_ERROR;
				CLANG_WARN_EMPTY_BODY = YES;
				CLANG_WARN_ENUM_CONVERSION = YES;
				CLANG_WARN_INT_CONVERSION = YES;
				CLANG_WARN_OBJC_ROOT_CLASS = YES_ERROR;
				CLANG_WARN_UNREACHABLE_CODE = YES;
				CLANG_WARN__DUPLICATE_METHOD_MATCH = YES;
				"CODE_SIGN_IDENTITY[sdk=iphoneos*]" = "iPhone Developer";
				COPY_PHASE_STRIP = NO;
				DEBUG_INFORMATION_FORMAT = "dwarf-with-dsym";
				ENABLE_NS_ASSERTIONS = NO;
				ENABLE_STRICT_OBJC_MSGSEND = YES;
				GCC_C_LANGUAGE_STANDARD = gnu99;
				GCC_NO_COMMON_BLOCKS = YES;
				GCC_WARN_64_TO_32_BIT_CONVERSION = YES;
				GCC_WARN_ABOUT_RETURN_TYPE = YES_ERROR;
				GCC_WARN_UNDECLARED_SELECTOR = YES;
				GCC_WARN_UNINITIALIZED_AUTOS = YES_AGGRESSIVE;
				GCC_WARN_UNUSED_FUNCTION = YES;
				GCC_WARN_UNUSED_VARIABLE = YES;
				IPHONEOS_DEPLOYMENT_TARGET = 8.4;
				MTL_ENABLE_DEBUG_INFO = NO;
				SDKROOT = iphoneos;
				VALIDATE_PRODUCT = YES;
			};
			name = Release;
		};
		04B786421B60842800B08B84 /* Debug */ = {
			isa = XCBuildConfiguration;
			buildSettings = {
				ASSETCATALOG_COMPILER_APPICON_NAME = AppIcon;
				INFOPLIST_FILE = map/Info.plist;
				LD_RUNPATH_SEARCH_PATHS = "$(inherited) @executable_path/Frameworks";
				PRODUCT_NAME = "$(TARGET_NAME)";
			};
			name = Debug;
		};
		04B786431B60842800B08B84 /* Release */ = {
			isa = XCBuildConfiguration;
			buildSettings = {
				ASSETCATALOG_COMPILER_APPICON_NAME = AppIcon;
				INFOPLIST_FILE = map/Info.plist;
				LD_RUNPATH_SEARCH_PATHS = "$(inherited) @executable_path/Frameworks";
				PRODUCT_NAME = "$(TARGET_NAME)";
			};
			name = Release;
		};
		04B786451B60842800B08B84 /* Debug */ = {
			isa = XCBuildConfiguration;
			buildSettings = {
				BUNDLE_LOADER = "$(TEST_HOST)";
				FRAMEWORK_SEARCH_PATHS = (
					"$(SDKROOT)/Developer/Library/Frameworks",
					"$(inherited)",
				);
				GCC_PREPROCESSOR_DEFINITIONS = (
					"DEBUG=1",
					"$(inherited)",
				);
				INFOPLIST_FILE = mapTests/Info.plist;
				LD_RUNPATH_SEARCH_PATHS = "$(inherited) @executable_path/Frameworks @loader_path/Frameworks";
				PRODUCT_NAME = "$(TARGET_NAME)";
				TEST_HOST = "$(BUILT_PRODUCTS_DIR)/map.app/map";
			};
			name = Debug;
		};
		04B786461B60842800B08B84 /* Release */ = {
			isa = XCBuildConfiguration;
			buildSettings = {
				BUNDLE_LOADER = "$(TEST_HOST)";
				FRAMEWORK_SEARCH_PATHS = (
					"$(SDKROOT)/Developer/Library/Frameworks",
					"$(inherited)",
				);
				INFOPLIST_FILE = mapTests/Info.plist;
				LD_RUNPATH_SEARCH_PATHS = "$(inherited) @executable_path/Frameworks @loader_path/Frameworks";
				PRODUCT_NAME = "$(TARGET_NAME)";
				TEST_HOST = "$(BUILT_PRODUCTS_DIR)/map.app/map";
			};
			name = Release;
		};
/* End XCBuildConfiguration section */

/* Begin XCConfigurationList section */
		04B786191B60842800B08B84 /* Build configuration list for PBXProject "map" */ = {
			isa = XCConfigurationList;
			buildConfigurations = (
				04B7863F1B60842800B08B84 /* Debug */,
				04B786401B60842800B08B84 /* Release */,
			);
			defaultConfigurationIsVisible = 0;
			defaultConfigurationName = Release;
		};
		04B786411B60842800B08B84 /* Build configuration list for PBXNativeTarget "map" */ = {
			isa = XCConfigurationList;
			buildConfigurations = (
				04B786421B60842800B08B84 /* Debug */,
				04B786431B60842800B08B84 /* Release */,
			);
			defaultConfigurationIsVisible = 0;
		};
		04B786441B60842800B08B84 /* Build configuration list for PBXNativeTarget "mapTests" */ = {
			isa = XCConfigurationList;
			buildConfigurations = (
				04B786451B60842800B08B84 /* Debug */,
				04B786461B60842800B08B84 /* Release */,
			);
			defaultConfigurationIsVisible = 0;
		};
/* End XCConfigurationList section */
	};
	rootObject = 04B786161B60842800B08B84 /* Project object */;
}
